
Microsoft Visual Studio Solution File, Format Version 12.00
# Visual Studio Version 17
VisualStudioVersion = 17.8.34316.72
MinimumVisualStudioVersion = 10.0.40219.1
Project("{FAE04EC0-301F-11D3-BF4B-00C04F79EFBC}") = "DeliveryApp", "DeliveryApp.csproj", "{81C8AE0E-389F-43DD-B16B-18DAA7A550DE}"
EndProject
Global
	GlobalSection(SolutionConfigurationPlatforms) = preSolution
		Debug|Any CPU = Debug|Any CPU
		Release|Any CPU = Release|Any CPU
	EndGlobalSection
	GlobalSection(ProjectConfigurationPlatforms) = postSolution
		{81C8AE0E-389F-43DD-B16B-18DAA7A550DE}.Debug|Any CPU.ActiveCfg = Debug|Any CPU
		{81C8AE0E-389F-43DD-B16B-18DAA7A550DE}.Debug|Any CPU.Build.0 = Debug|Any CPU
		{81C8AE0E-389F-43DD-B16B-18DAA7A550DE}.Release|Any CPU.ActiveCfg = Release|Any CPU
		{81C8AE0E-389F-43DD-B16B-18DAA7A550DE}.Release|Any CPU.Build.0 = Release|Any CPU
	EndGlobalSection
	GlobalSection(SolutionProperties) = preSolution
		HideSolutionNode = FALSE
	EndGlobalSection
	GlobalSection(ExtensibilityGlobals) = postSolution
		SolutionGuid = {44D00BC6-5A2F-43E9-98EC-2CC5F7B94AA8}
	EndGlobalSection
EndGlobal
